PODS:
  - Agrume (5.6.10):
    - SwiftyGif
  - Alamofire (5.2.2)
  - Kingfisher (5.15.5):
    - Kingfisher/Core (= 5.15.5)
  - Kingfisher/Core (5.15.5)
  - SwiftyGif (5.3.0)
  - SwiftyJSON (5.0.0)

DEPENDENCIES:
  - Agrume
  - Alamofire
  - Kingfisher
  - SwiftyJSON

SPEC REPOS:
  https://github.com/cocoapods/specs.git:
    - Agrume
    - Alamofire
    - Kingfisher
    - SwiftyGif
    - SwiftyJSON

SPEC CHECKSUMS:
  Agrume: bed8984d8644d9f9228e65ca22cfc5f6ab95947f
  Alamofire: 814429acc853c6c54ff123fc3d2ef66803823ce0
  Kingfisher: e3ec347a5ab8817b7585ef46923a2d2b9a7d8fbe
  SwiftyGif: e466e86c660d343357ab944a819a101c4127cb40
  SwiftyJSON: 36413e04c44ee145039d332b4f4e2d3e8d6c4db7

PODFILE CHECKSUM: f858fd920910c76d67ef11ae90df65426bc11f3f

COCOAPODS: 1.7.5
